
Microsoft Visual Studio Solution File, Format Version 12.00
# Visual Studio 15
VisualStudioVersion = 15.0.27428.2015
MinimumVisualStudioVersion = 10.0.40219.1
Project("{FAE04EC0-301F-11D3-BF4B-00C04F79EFBC}") = "ShutDown", "ShutDown\ShutDown.csproj", "{03664FE3-C240-4F62-8347-7283E62C5EEE}"
EndProject
Global
	GlobalSection(SolutionConfigurationPlatforms) = preSolution
		Debug|Any CPU = Debug|Any CPU
		Release|Any CPU = Release|Any CPU
	EndGlobalSection
	GlobalSection(ProjectConfigurationPlatforms) = postSolution
		{03664FE3-C240-4F62-8347-7283E62C5EEE}.Debug|Any CPU.ActiveCfg = Debug|Any CPU
		{03664FE3-C240-4F62-8347-7283E62C5EEE}.Debug|Any CPU.Build.0 = Debug|Any CPU
		{03664FE3-C240-4F62-8347-7283E62C5EEE}.Release|Any CPU.ActiveCfg = Release|Any CPU
		{03664FE3-C240-4F62-8347-7283E62C5EEE}.Release|Any CPU.Build.0 = Release|Any CPU
	EndGlobalSection
	GlobalSection(SolutionProperties) = preSolution
		HideSolutionNode = FALSE
	EndGlobalSection
	GlobalSection(ExtensibilityGlobals) = postSolution
		SolutionGuid = {F92A2D94-7EC2-4C4E-AAC1-BA197557F715}
	EndGlobalSection
EndGlobal
